
Microsoft Visual Studio Solution File, Format Version 12.00
# Visual Studio 15
VisualStudioVersion = 15.0.28307.852
MinimumVisualStudioVersion = 10.0.40219.1
Project("{8BC9CEB8-8B4A-11D0-8D11-00A0C91BC942}") = "OpenFOAM", "OpenFOAM\OpenFOAM.vcxproj", "{8A451363-4878-4709-BCFC-18F303E3774F}"
EndProject
Project("{8BC9CEB8-8B4A-11D0-8D11-00A0C91BC942}") = "mesh", "mesh\mesh.vcxproj", "{446C874B-3060-4AEC-916F-96ACD6D9AEA1}"
EndProject
Project("{8BC9CEB8-8B4A-11D0-8D11-00A0C91BC942}") = "dynamicMesh", "dynamicMesh\dynamicMesh.vcxproj", "{44CC874B-3060-4ACC-916F-96CCD6D9AEA1}"
EndProject
Project("{8BC9CEB8-8B4A-11D0-8D11-00A0C91BC942}") = "meshTools", "meshTools\meshTools.vcxproj", "{4466874B-3060-4A66-916F-9666D6D9AEA1}"
EndProject
Project("{8BC9CEB8-8B4A-11D0-8D11-00A0C91BC942}") = "surfMesh", "surfMesh\surfMesh.vcxproj", "{4468874B-3060-4A88-916F-9688D6D9AEA1}"
EndProject
Project("{8BC9CEB8-8B4A-11D0-8D11-00A0C91BC942}") = "finiteVolume", "finiteVolume\finiteVolume.vcxproj", "{4465574B-3060-4A55-916F-9655D6D9AEA1}"
EndProject
Project("{8BC9CEB8-8B4A-11D0-8D11-00A0C91BC942}") = "triSurface", "triSurface\triSurface.vcxproj", "{4477874B-3060-4A77-916F-96A776D9AEA1}"
EndProject
Project("{8BC9CEB8-8B4A-11D0-8D11-00A0C91BC942}") = "fileFormats", "fileFormats\fileFormats.vcxproj", "{986C874B-3060-498C-916F-96A986D9AEA1}"
EndProject
Project("{8BC9CEB8-8B4A-11D0-8D11-00A0C91BC942}") = "lagrangian", "lagrangian\lagrangian.vcxproj", "{9856874B-3056-498C-956F-96A566D9AEA1}"
EndProject
Project("{8BC9CEB8-8B4A-11D0-8D11-00A0C91BC942}") = "sampling", "sampling\sampling.vcxproj", "{9878874B-3060-498C-978F-96A98789AEA1}"
EndProject
Project("{8BC9CEB8-8B4A-11D0-8D11-00A0C91BC942}") = "functionObjects", "functionObjects\functionObjects.vcxproj", "{4465334B-3060-4335-916F-9655D6D933A1}"
EndProject
Project("{8BC9CEB8-8B4A-11D0-8D11-00A0C91BC942}") = "engine", "engine\engine.vcxproj", "{4465322B-3060-4225-916F-965522D933A1}"
EndProject
Project("{8BC9CEB8-8B4A-11D0-8D11-00A0C91BC942}") = "regionModels", "regionModels\regionModels.vcxproj", "{4465311B-3011-4225-916F-965112D933A1}"
EndProject
Project("{8BC9CEB8-8B4A-11D0-8D11-00A0C91BC942}") = "thermophysicalModels", "thermophysicalModels\thermophysicalModels.vcxproj", "{4418871B-3161-4A88-916F-968811D9A1A1}"
EndProject
Project("{8BC9CEB8-8B4A-11D0-8D11-00A0C91BC942}") = "transportModels", "transportModels\transportModels.vcxproj", "{4478877B-3161-4118-916F-96881177A7A7}"
EndProject
Project("{8BC9CEB8-8B4A-11D0-8D11-00A0C91BC942}") = "combustionModels", "combustionModels\combustionModels.vcxproj", "{4465262B-3060-4265-926F-965526D933A1}"
EndProject
Project("{8BC9CEB8-8B4A-11D0-8D11-00A0C91BC942}") = "fvMotionSolver", "fvMotionSolver\fvMotionSolver.vcxproj", "{4465752B-3750-4265-9757-965575D933A1}"
EndProject
Project("{8BC9CEB8-8B4A-11D0-8D11-00A0C91BC942}") = "fvOptions", "fvOptions\fvOptions.vcxproj", "{4375592B-3059-4685-937F-966859D96594}"
EndProject
Project("{8BC9CEB8-8B4A-11D0-8D11-00A0C91BC942}") = "genericPatchFields", "genericPatchFields\genericPatchFields.vcxproj", "{4375312B-3031-4685-937F-93159D323194}"
EndProject
Project("{8BC9CEB8-8B4A-11D0-8D11-00A0C91BC942}") = "ODE", "ODE\ODE.vcxproj", "{4375AA2B-3031-4685-9AAF-93AA9D32A194}"
EndProject
Project("{8BC9CEB8-8B4A-11D0-8D11-00A0C91BC942}") = "dynamicFvMesh", "dynamicFvMesh\dynamicFvMesh.vcxproj", "{4375262B-3060-4375-937F-965537D933A1}"
EndProject
Project("{8BC9CEB8-8B4A-11D0-8D11-00A0C91BC942}") = "fvAgglomerationMethods", "fvAgglomerationMethods\fvAgglomerationMethods.vcxproj", "{4375682B-3060-4685-937F-966837D96381}"
EndProject
Project("{8BC9CEB8-8B4A-11D0-8D11-00A0C91BC942}") = "OSspecific", "OSspecific\OSspecific.vcxproj", "{4375BBCB-3031-4685-9AAF-93BBCD32A194}"
EndProject
Project("{8BC9CEB8-8B4A-11D0-8D11-00A0C91BC942}") = "parallel", "parallel\parallel.vcxproj", "{4375CCCB-3031-4685-9AAF-93BBCDCCA194}"
EndProject
Project("{8BC9CEB8-8B4A-11D0-8D11-00A0C91BC942}") = "Pstream", "Pstream\Pstream.vcxproj", "{4375DDCB-3031-4685-9AAF-93BDCDDDA194}"
EndProject
Project("{8BC9CEB8-8B4A-11D0-8D11-00A0C91BC942}") = "randomProcesses", "randomProcesses\randomProcesses.vcxproj", "{4375AADB-3031-4685-9AAF-93BDCAADA194}"
EndProject
Project("{8BC9CEB8-8B4A-11D0-8D11-00A0C91BC942}") = "regionCoupled", "regionCoupled\regionCoupled.vcxproj", "{437595DB-3031-4685-9AAF-93BDC95DA194}"
EndProject
Project("{8BC9CEB8-8B4A-11D0-8D11-00A0C91BC942}") = "renumber", "renumber\renumber.vcxproj", "{4375CADB-3031-4685-9AAF-93BDCCADCAA4}"
EndProject
Project("{8BC9CEB8-8B4A-11D0-8D11-00A0C91BC942}") = "rigidBodyDynamics", "rigidBodyDynamics\rigidBodyDynamics.vcxproj", "{75CEDA92-3ED9-4CE8-9675-5240A38CA74E}"
EndProject
Project("{8BC9CEB8-8B4A-11D0-8D11-00A0C91BC942}") = "rigidBodyMeshMotion", "rigidBodyMeshMotion\rigidBodyMeshMotion.vcxproj", "{437517DB-3031-4685-9AAF-93BDCC17CAA4}"
EndProject
Project("{8BC9CEB8-8B4A-11D0-8D11-00A0C91BC942}") = "sixDoFRigidBodyMotion", "sixDoFRigidBodyMotion\sixDoFRigidBodyMotion.vcxproj", "{437538DB-3031-4685-9AAF-93BDCC38CAA4}"
EndProject
Project("{8BC9CEB8-8B4A-11D0-8D11-00A0C91BC942}") = "topoChangerFvMesh", "topoChangerFvMesh\topoChangerFvMesh.vcxproj", "{4376912B-3031-4685-937F-93159D693194}"
EndProject
Project("{8BC9CEB8-8B4A-11D0-8D11-00A0C91BC942}") = "TurbulenceModels", "TurbulenceModels\TurbulenceModels.vcxproj", "{4377912B-3031-4685-937F-931597993194}"
EndProject
Project("{8BC9CEB8-8B4A-11D0-8D11-00A0C91BC942}") = "waves", "waves\waves.vcxproj", "{4375932B-3031-4685-937F-93159D393194}"
EndProject
Project("{8BC9CEB8-8B4A-11D0-8D11-00A0C91BC942}") = "conversion", "conversion\conversion.vcxproj", "{4382312B-3031-4685-937F-931582323194}"
EndProject
Project("{8BC9CEB8-8B4A-11D0-8D11-00A0C91BC942}") = "dummyThirdParty", "dummyThirdParty\dummyThirdParty.vcxproj", "{4387222B-3031-4685-937F-931722323194}"
EndProject
Global
	GlobalSection(SolutionConfigurationPlatforms) = preSolution
		Debug|x64 = Debug|x64
		Debug|x86 = Debug|x86
		Release|x64 = Release|x64
		Release|x86 = Release|x86
	EndGlobalSection
	GlobalSection(ProjectConfigurationPlatforms) = postSolution
		{8A451363-4878-4709-BCFC-18F303E3774F}.Debug|x64.ActiveCfg = Debug|x64
		{8A451363-4878-4709-BCFC-18F303E3774F}.Debug|x64.Build.0 = Debug|x64
		{8A451363-4878-4709-BCFC-18F303E3774F}.Debug|x86.ActiveCfg = Debug|Win32
		{8A451363-4878-4709-BCFC-18F303E3774F}.Debug|x86.Build.0 = Debug|Win32
		{8A451363-4878-4709-BCFC-18F303E3774F}.Release|x64.ActiveCfg = Release|x64
		{8A451363-4878-4709-BCFC-18F303E3774F}.Release|x64.Build.0 = Release|x64
		{8A451363-4878-4709-BCFC-18F303E3774F}.Release|x86.ActiveCfg = Release|Win32
		{8A451363-4878-4709-BCFC-18F303E3774F}.Release|x86.Build.0 = Release|Win32
		{446C874B-3060-4AEC-916F-96ACD6D9AEA1}.Debug|x64.ActiveCfg = Debug|x64
		{446C874B-3060-4AEC-916F-96ACD6D9AEA1}.Debug|x64.Build.0 = Debug|x64
		{446C874B-3060-4AEC-916F-96ACD6D9AEA1}.Debug|x86.ActiveCfg = Debug|Win32
		{446C874B-3060-4AEC-916F-96ACD6D9AEA1}.Debug|x86.Build.0 = Debug|Win32
		{446C874B-3060-4AEC-916F-96ACD6D9AEA1}.Release|x64.ActiveCfg = Release|x64
		{446C874B-3060-4AEC-916F-96ACD6D9AEA1}.Release|x64.Build.0 = Release|x64
		{446C874B-3060-4AEC-916F-96ACD6D9AEA1}.Release|x86.ActiveCfg = Release|Win32
		{446C874B-3060-4AEC-916F-96ACD6D9AEA1}.Release|x86.Build.0 = Release|Win32
		{44CC874B-3060-4ACC-916F-96CCD6D9AEA1}.Debug|x64.ActiveCfg = Debug|x64
		{44CC874B-3060-4ACC-916F-96CCD6D9AEA1}.Debug|x64.Build.0 = Debug|x64
		{44CC874B-3060-4ACC-916F-96CCD6D9AEA1}.Debug|x86.ActiveCfg = Debug|Win32
		{44CC874B-3060-4ACC-916F-96CCD6D9AEA1}.Debug|x86.Build.0 = Debug|Win32
		{44CC874B-3060-4ACC-916F-96CCD6D9AEA1}.Release|x64.ActiveCfg = Release|x64
		{44CC874B-3060-4ACC-916F-96CCD6D9AEA1}.Release|x64.Build.0 = Release|x64
		{44CC874B-3060-4ACC-916F-96CCD6D9AEA1}.Release|x86.ActiveCfg = Release|Win32
		{44CC874B-3060-4ACC-916F-96CCD6D9AEA1}.Release|x86.Build.0 = Release|Win32
		{4466874B-3060-4A66-916F-9666D6D9AEA1}.Debug|x64.ActiveCfg = Debug|x64
		{4466874B-3060-4A66-916F-9666D6D9AEA1}.Debug|x64.Build.0 = Debug|x64
		{4466874B-3060-4A66-916F-9666D6D9AEA1}.Debug|x86.ActiveCfg = Debug|Win32
		{4466874B-3060-4A66-916F-9666D6D9AEA1}.Debug|x86.Build.0 = Debug|Win32
		{4466874B-3060-4A66-916F-9666D6D9AEA1}.Release|x64.ActiveCfg = Release|x64
		{4466874B-3060-4A66-916F-9666D6D9AEA1}.Release|x64.Build.0 = Release|x64
		{4466874B-3060-4A66-916F-9666D6D9AEA1}.Release|x86.ActiveCfg = Release|Win32
		{4466874B-3060-4A66-916F-9666D6D9AEA1}.Release|x86.Build.0 = Release|Win32
		{4468874B-3060-4A88-916F-9688D6D9AEA1}.Debug|x64.ActiveCfg = Debug|x64
		{4468874B-3060-4A88-916F-9688D6D9AEA1}.Debug|x64.Build.0 = Debug|x64
		{4468874B-3060-4A88-916F-9688D6D9AEA1}.Debug|x86.ActiveCfg = Debug|Win32
		{4468874B-3060-4A88-916F-9688D6D9AEA1}.Debug|x86.Build.0 = Debug|Win32
		{4468874B-3060-4A88-916F-9688D6D9AEA1}.Release|x64.ActiveCfg = Release|x64
		{4468874B-3060-4A88-916F-9688D6D9AEA1}.Release|x64.Build.0 = Release|x64
		{4468874B-3060-4A88-916F-9688D6D9AEA1}.Release|x86.ActiveCfg = Release|Win32
		{4468874B-3060-4A88-916F-9688D6D9AEA1}.Release|x86.Build.0 = Release|Win32
		{4465574B-3060-4A55-916F-9655D6D9AEA1}.Debug|x64.ActiveCfg = Debug|x64
		{4465574B-3060-4A55-916F-9655D6D9AEA1}.Debug|x64.Build.0 = Debug|x64
		{4465574B-3060-4A55-916F-9655D6D9AEA1}.Debug|x86.ActiveCfg = Debug|Win32
		{4465574B-3060-4A55-916F-9655D6D9AEA1}.Debug|x86.Build.0 = Debug|Win32
		{4465574B-3060-4A55-916F-9655D6D9AEA1}.Release|x64.ActiveCfg = Release|x64
		{4465574B-3060-4A55-916F-9655D6D9AEA1}.Release|x64.Build.0 = Release|x64
		{4465574B-3060-4A55-916F-9655D6D9AEA1}.Release|x86.ActiveCfg = Release|Win32
		{4465574B-3060-4A55-916F-9655D6D9AEA1}.Release|x86.Build.0 = Release|Win32
		{4477874B-3060-4A77-916F-96A776D9AEA1}.Debug|x64.ActiveCfg = Debug|x64
		{4477874B-3060-4A77-916F-96A776D9AEA1}.Debug|x64.Build.0 = Debug|x64
		{4477874B-3060-4A77-916F-96A776D9AEA1}.Debug|x86.ActiveCfg = Debug|Win32
		{4477874B-3060-4A77-916F-96A776D9AEA1}.Debug|x86.Build.0 = Debug|Win32
		{4477874B-3060-4A77-916F-96A776D9AEA1}.Release|x64.ActiveCfg = Release|x64
		{4477874B-3060-4A77-916F-96A776D9AEA1}.Release|x64.Build.0 = Release|x64
		{4477874B-3060-4A77-916F-96A776D9AEA1}.Release|x86.ActiveCfg = Release|Win32
		{4477874B-3060-4A77-916F-96A776D9AEA1}.Release|x86.Build.0 = Release|Win32
		{986C874B-3060-498C-916F-96A986D9AEA1}.Debug|x64.ActiveCfg = Debug|x64
		{986C874B-3060-498C-916F-96A986D9AEA1}.Debug|x64.Build.0 = Debug|x64
		{986C874B-3060-498C-916F-96A986D9AEA1}.Debug|x86.ActiveCfg = Debug|Win32
		{986C874B-3060-498C-916F-96A986D9AEA1}.Debug|x86.Build.0 = Debug|Win32
		{986C874B-3060-498C-916F-96A986D9AEA1}.Release|x64.ActiveCfg = Release|x64
		{986C874B-3060-498C-916F-96A986D9AEA1}.Release|x64.Build.0 = Release|x64
		{986C874B-3060-498C-916F-96A986D9AEA1}.Release|x86.ActiveCfg = Release|Win32
		{986C874B-3060-498C-916F-96A986D9AEA1}.Release|x86.Build.0 = Release|Win32
		{9856874B-3056-498C-956F-96A566D9AEA1}.Debug|x64.ActiveCfg = Debug|x64
		{9856874B-3056-498C-956F-96A566D9AEA1}.Debug|x64.Build.0 = Debug|x64
		{9856874B-3056-498C-956F-96A566D9AEA1}.Debug|x86.ActiveCfg = Debug|Win32
		{9856874B-3056-498C-956F-96A566D9AEA1}.Debug|x86.Build.0 = Debug|Win32
		{9856874B-3056-498C-956F-96A566D9AEA1}.Release|x64.ActiveCfg = Release|x64
		{9856874B-3056-498C-956F-96A566D9AEA1}.Release|x64.Build.0 = Release|x64
		{9856874B-3056-498C-956F-96A566D9AEA1}.Release|x86.ActiveCfg = Release|Win32
		{9856874B-3056-498C-956F-96A566D9AEA1}.Release|x86.Build.0 = Release|Win32
		{9878874B-3060-498C-978F-96A98789AEA1}.Debug|x64.ActiveCfg = Debug|x64
		{9878874B-3060-498C-978F-96A98789AEA1}.Debug|x64.Build.0 = Debug|x64
		{9878874B-3060-498C-978F-96A98789AEA1}.Debug|x86.ActiveCfg = Debug|Win32
		{9878874B-3060-498C-978F-96A98789AEA1}.Debug|x86.Build.0 = Debug|Win32
		{9878874B-3060-498C-978F-96A98789AEA1}.Release|x64.ActiveCfg = Release|x64
		{9878874B-3060-498C-978F-96A98789AEA1}.Release|x64.Build.0 = Release|x64
		{9878874B-3060-498C-978F-96A98789AEA1}.Release|x86.ActiveCfg = Release|Win32
		{9878874B-3060-498C-978F-96A98789AEA1}.Release|x86.Build.0 = Release|Win32
		{4465334B-3060-4335-916F-9655D6D933A1}.Debug|x64.ActiveCfg = Debug|x64
		{4465334B-3060-4335-916F-9655D6D933A1}.Debug|x64.Build.0 = Debug|x64
		{4465334B-3060-4335-916F-9655D6D933A1}.Debug|x86.ActiveCfg = Debug|Win32
		{4465334B-3060-4335-916F-9655D6D933A1}.Debug|x86.Build.0 = Debug|Win32
		{4465334B-3060-4335-916F-9655D6D933A1}.Release|x64.ActiveCfg = Release|x64
		{4465334B-3060-4335-916F-9655D6D933A1}.Release|x64.Build.0 = Release|x64
		{4465334B-3060-4335-916F-9655D6D933A1}.Release|x86.ActiveCfg = Release|Win32
		{4465334B-3060-4335-916F-9655D6D933A1}.Release|x86.Build.0 = Release|Win32
		{4465322B-3060-4225-916F-965522D933A1}.Debug|x64.ActiveCfg = Debug|x64
		{4465322B-3060-4225-916F-965522D933A1}.Debug|x64.Build.0 = Debug|x64
		{4465322B-3060-4225-916F-965522D933A1}.Debug|x86.ActiveCfg = Debug|Win32
		{4465322B-3060-4225-916F-965522D933A1}.Debug|x86.Build.0 = Debug|Win32
		{4465322B-3060-4225-916F-965522D933A1}.Release|x64.ActiveCfg = Release|x64
		{4465322B-3060-4225-916F-965522D933A1}.Release|x64.Build.0 = Release|x64
		{4465322B-3060-4225-916F-965522D933A1}.Release|x86.ActiveCfg = Release|Win32
		{4465322B-3060-4225-916F-965522D933A1}.Release|x86.Build.0 = Release|Win32
		{4465311B-3011-4225-916F-965112D933A1}.Debug|x64.ActiveCfg = Debug|x64
		{4465311B-3011-4225-916F-965112D933A1}.Debug|x64.Build.0 = Debug|x64
		{4465311B-3011-4225-916F-965112D933A1}.Debug|x86.ActiveCfg = Debug|Win32
		{4465311B-3011-4225-916F-965112D933A1}.Debug|x86.Build.0 = Debug|Win32
		{4465311B-3011-4225-916F-965112D933A1}.Release|x64.ActiveCfg = Release|x64
		{4465311B-3011-4225-916F-965112D933A1}.Release|x64.Build.0 = Release|x64
		{4465311B-3011-4225-916F-965112D933A1}.Release|x86.ActiveCfg = Release|Win32
		{4465311B-3011-4225-916F-965112D933A1}.Release|x86.Build.0 = Release|Win32
		{4418871B-3161-4A88-916F-968811D9A1A1}.Debug|x64.ActiveCfg = Debug|x64
		{4418871B-3161-4A88-916F-968811D9A1A1}.Debug|x64.Build.0 = Debug|x64
		{4418871B-3161-4A88-916F-968811D9A1A1}.Debug|x86.ActiveCfg = Debug|Win32
		{4418871B-3161-4A88-916F-968811D9A1A1}.Debug|x86.Build.0 = Debug|Win32
		{4418871B-3161-4A88-916F-968811D9A1A1}.Release|x64.ActiveCfg = Release|x64
		{4418871B-3161-4A88-916F-968811D9A1A1}.Release|x64.Build.0 = Release|x64
		{4418871B-3161-4A88-916F-968811D9A1A1}.Release|x86.ActiveCfg = Release|Win32
		{4418871B-3161-4A88-916F-968811D9A1A1}.Release|x86.Build.0 = Release|Win32
		{4478877B-3161-4118-916F-96881177A7A7}.Debug|x64.ActiveCfg = Debug|x64
		{4478877B-3161-4118-916F-96881177A7A7}.Debug|x64.Build.0 = Debug|x64
		{4478877B-3161-4118-916F-96881177A7A7}.Debug|x86.ActiveCfg = Debug|Win32
		{4478877B-3161-4118-916F-96881177A7A7}.Debug|x86.Build.0 = Debug|Win32
		{4478877B-3161-4118-916F-96881177A7A7}.Release|x64.ActiveCfg = Release|x64
		{4478877B-3161-4118-916F-96881177A7A7}.Release|x64.Build.0 = Release|x64
		{4478877B-3161-4118-916F-96881177A7A7}.Release|x86.ActiveCfg = Release|Win32
		{4478877B-3161-4118-916F-96881177A7A7}.Release|x86.Build.0 = Release|Win32
		{4465262B-3060-4265-926F-965526D933A1}.Debug|x64.ActiveCfg = Debug|x64
		{4465262B-3060-4265-926F-965526D933A1}.Debug|x64.Build.0 = Debug|x64
		{4465262B-3060-4265-926F-965526D933A1}.Debug|x86.ActiveCfg = Debug|Win32
		{4465262B-3060-4265-926F-965526D933A1}.Debug|x86.Build.0 = Debug|Win32
		{4465262B-3060-4265-926F-965526D933A1}.Release|x64.ActiveCfg = Release|x64
		{4465262B-3060-4265-926F-965526D933A1}.Release|x64.Build.0 = Release|x64
		{4465262B-3060-4265-926F-965526D933A1}.Release|x86.ActiveCfg = Release|Win32
		{4465262B-3060-4265-926F-965526D933A1}.Release|x86.Build.0 = Release|Win32
		{4465752B-3750-4265-9757-965575D933A1}.Debug|x64.ActiveCfg = Debug|x64
		{4465752B-3750-4265-9757-965575D933A1}.Debug|x64.Build.0 = Debug|x64
		{4465752B-3750-4265-9757-965575D933A1}.Debug|x86.ActiveCfg = Debug|Win32
		{4465752B-3750-4265-9757-965575D933A1}.Debug|x86.Build.0 = Debug|Win32
		{4465752B-3750-4265-9757-965575D933A1}.Release|x64.ActiveCfg = Release|x64
		{4465752B-3750-4265-9757-965575D933A1}.Release|x64.Build.0 = Release|x64
		{4465752B-3750-4265-9757-965575D933A1}.Release|x86.ActiveCfg = Release|Win32
		{4465752B-3750-4265-9757-965575D933A1}.Release|x86.Build.0 = Release|Win32
		{4375592B-3059-4685-937F-966859D96594}.Debug|x64.ActiveCfg = Debug|x64
		{4375592B-3059-4685-937F-966859D96594}.Debug|x64.Build.0 = Debug|x64
		{4375592B-3059-4685-937F-966859D96594}.Debug|x86.ActiveCfg = Debug|Win32
		{4375592B-3059-4685-937F-966859D96594}.Debug|x86.Build.0 = Debug|Win32
		{4375592B-3059-4685-937F-966859D96594}.Release|x64.ActiveCfg = Release|x64
		{4375592B-3059-4685-937F-966859D96594}.Release|x64.Build.0 = Release|x64
		{4375592B-3059-4685-937F-966859D96594}.Release|x86.ActiveCfg = Release|Win32
		{4375592B-3059-4685-937F-966859D96594}.Release|x86.Build.0 = Release|Win32
		{4375312B-3031-4685-937F-93159D323194}.Debug|x64.ActiveCfg = Debug|x64
		{4375312B-3031-4685-937F-93159D323194}.Debug|x64.Build.0 = Debug|x64
		{4375312B-3031-4685-937F-93159D323194}.Debug|x86.ActiveCfg = Debug|Win32
		{4375312B-3031-4685-937F-93159D323194}.Debug|x86.Build.0 = Debug|Win32
		{4375312B-3031-4685-937F-93159D323194}.Release|x64.ActiveCfg = Release|x64
		{4375312B-3031-4685-937F-93159D323194}.Release|x64.Build.0 = Release|x64
		{4375312B-3031-4685-937F-93159D323194}.Release|x86.ActiveCfg = Release|Win32
		{4375312B-3031-4685-937F-93159D323194}.Release|x86.Build.0 = Release|Win32
		{4375AA2B-3031-4685-9AAF-93AA9D32A194}.Debug|x64.ActiveCfg = Debug|x64
		{4375AA2B-3031-4685-9AAF-93AA9D32A194}.Debug|x64.Build.0 = Debug|x64
		{4375AA2B-3031-4685-9AAF-93AA9D32A194}.Debug|x86.ActiveCfg = Debug|Win32
		{4375AA2B-3031-4685-9AAF-93AA9D32A194}.Debug|x86.Build.0 = Debug|Win32
		{4375AA2B-3031-4685-9AAF-93AA9D32A194}.Release|x64.ActiveCfg = Release|x64
		{4375AA2B-3031-4685-9AAF-93AA9D32A194}.Release|x64.Build.0 = Release|x64
		{4375AA2B-3031-4685-9AAF-93AA9D32A194}.Release|x86.ActiveCfg = Release|Win32
		{4375AA2B-3031-4685-9AAF-93AA9D32A194}.Release|x86.Build.0 = Release|Win32
		{4375262B-3060-4375-937F-965537D933A1}.Debug|x64.ActiveCfg = Debug|x64
		{4375262B-3060-4375-937F-965537D933A1}.Debug|x64.Build.0 = Debug|x64
		{4375262B-3060-4375-937F-965537D933A1}.Debug|x86.ActiveCfg = Debug|Win32
		{4375262B-3060-4375-937F-965537D933A1}.Debug|x86.Build.0 = Debug|Win32
		{4375262B-3060-4375-937F-965537D933A1}.Release|x64.ActiveCfg = Release|x64
		{4375262B-3060-4375-937F-965537D933A1}.Release|x64.Build.0 = Release|x64
		{4375262B-3060-4375-937F-965537D933A1}.Release|x86.ActiveCfg = Release|Win32
		{4375262B-3060-4375-937F-965537D933A1}.Release|x86.Build.0 = Release|Win32
		{4375682B-3060-4685-937F-966837D96381}.Debug|x64.ActiveCfg = Debug|x64
		{4375682B-3060-4685-937F-966837D96381}.Debug|x64.Build.0 = Debug|x64
		{4375682B-3060-4685-937F-966837D96381}.Debug|x86.ActiveCfg = Debug|Win32
		{4375682B-3060-4685-937F-966837D96381}.Debug|x86.Build.0 = Debug|Win32
		{4375682B-3060-4685-937F-966837D96381}.Release|x64.ActiveCfg = Release|x64
		{4375682B-3060-4685-937F-966837D96381}.Release|x64.Build.0 = Release|x64
		{4375682B-3060-4685-937F-966837D96381}.Release|x86.ActiveCfg = Release|Win32
		{4375682B-3060-4685-937F-966837D96381}.Release|x86.Build.0 = Release|Win32
		{4375BBCB-3031-4685-9AAF-93BBCD32A194}.Debug|x64.ActiveCfg = Debug|x64
		{4375BBCB-3031-4685-9AAF-93BBCD32A194}.Debug|x64.Build.0 = Debug|x64
		{4375BBCB-3031-4685-9AAF-93BBCD32A194}.Debug|x86.ActiveCfg = Debug|Win32
		{4375BBCB-3031-4685-9AAF-93BBCD32A194}.Debug|x86.Build.0 = Debug|Win32
		{4375BBCB-3031-4685-9AAF-93BBCD32A194}.Release|x64.ActiveCfg = Release|x64
		{4375BBCB-3031-4685-9AAF-93BBCD32A194}.Release|x64.Build.0 = Release|x64
		{4375BBCB-3031-4685-9AAF-93BBCD32A194}.Release|x86.ActiveCfg = Release|Win32
		{4375BBCB-3031-4685-9AAF-93BBCD32A194}.Release|x86.Build.0 = Release|Win32
		{4375CCCB-3031-4685-9AAF-93BBCDCCA194}.Debug|x64.ActiveCfg = Debug|x64
		{4375CCCB-3031-4685-9AAF-93BBCDCCA194}.Debug|x64.Build.0 = Debug|x64
		{4375CCCB-3031-4685-9AAF-93BBCDCCA194}.Debug|x86.ActiveCfg = Debug|Win32
		{4375CCCB-3031-4685-9AAF-93BBCDCCA194}.Debug|x86.Build.0 = Debug|Win32
		{4375CCCB-3031-4685-9AAF-93BBCDCCA194}.Release|x64.ActiveCfg = Release|x64
		{4375CCCB-3031-4685-9AAF-93BBCDCCA194}.Release|x64.Build.0 = Release|x64
		{4375CCCB-3031-4685-9AAF-93BBCDCCA194}.Release|x86.ActiveCfg = Release|Win32
		{4375CCCB-3031-4685-9AAF-93BBCDCCA194}.Release|x86.Build.0 = Release|Win32
		{4375DDCB-3031-4685-9AAF-93BDCDDDA194}.Debug|x64.ActiveCfg = Debug|x64
		{4375DDCB-3031-4685-9AAF-93BDCDDDA194}.Debug|x64.Build.0 = Debug|x64
		{4375DDCB-3031-4685-9AAF-93BDCDDDA194}.Debug|x86.ActiveCfg = Debug|Win32
		{4375DDCB-3031-4685-9AAF-93BDCDDDA194}.Debug|x86.Build.0 = Debug|Win32
		{4375DDCB-3031-4685-9AAF-93BDCDDDA194}.Release|x64.ActiveCfg = Release|x64
		{4375DDCB-3031-4685-9AAF-93BDCDDDA194}.Release|x64.Build.0 = Release|x64
		{4375DDCB-3031-4685-9AAF-93BDCDDDA194}.Release|x86.ActiveCfg = Release|Win32
		{4375DDCB-3031-4685-9AAF-93BDCDDDA194}.Release|x86.Build.0 = Release|Win32
		{4375AADB-3031-4685-9AAF-93BDCAADA194}.Debug|x64.ActiveCfg = Debug|x64
		{4375AADB-3031-4685-9AAF-93BDCAADA194}.Debug|x64.Build.0 = Debug|x64
		{4375AADB-3031-4685-9AAF-93BDCAADA194}.Debug|x86.ActiveCfg = Debug|Win32
		{4375AADB-3031-4685-9AAF-93BDCAADA194}.Debug|x86.Build.0 = Debug|Win32
		{4375AADB-3031-4685-9AAF-93BDCAADA194}.Release|x64.ActiveCfg = Release|x64
		{4375AADB-3031-4685-9AAF-93BDCAADA194}.Release|x64.Build.0 = Release|x64
		{4375AADB-3031-4685-9AAF-93BDCAADA194}.Release|x86.ActiveCfg = Release|Win32
		{4375AADB-3031-4685-9AAF-93BDCAADA194}.Release|x86.Build.0 = Release|Win32
		{437595DB-3031-4685-9AAF-93BDC95DA194}.Debug|x64.ActiveCfg = Debug|x64
		{437595DB-3031-4685-9AAF-93BDC95DA194}.Debug|x64.Build.0 = Debug|x64
		{437595DB-3031-4685-9AAF-93BDC95DA194}.Debug|x86.ActiveCfg = Debug|Win32
		{437595DB-3031-4685-9AAF-93BDC95DA194}.Debug|x86.Build.0 = Debug|Win32
		{437595DB-3031-4685-9AAF-93BDC95DA194}.Release|x64.ActiveCfg = Release|x64
		{437595DB-3031-4685-9AAF-93BDC95DA194}.Release|x64.Build.0 = Release|x64
		{437595DB-3031-4685-9AAF-93BDC95DA194}.Release|x86.ActiveCfg = Release|Win32
		{437595DB-3031-4685-9AAF-93BDC95DA194}.Release|x86.Build.0 = Release|Win32
		{4375CADB-3031-4685-9AAF-93BDCCADCAA4}.Debug|x64.ActiveCfg = Debug|x64
		{4375CADB-3031-4685-9AAF-93BDCCADCAA4}.Debug|x64.Build.0 = Debug|x64
		{4375CADB-3031-4685-9AAF-93BDCCADCAA4}.Debug|x86.ActiveCfg = Debug|Win32
		{4375CADB-3031-4685-9AAF-93BDCCADCAA4}.Debug|x86.Build.0 = Debug|Win32
		{4375CADB-3031-4685-9AAF-93BDCCADCAA4}.Release|x64.ActiveCfg = Release|x64
		{4375CADB-3031-4685-9AAF-93BDCCADCAA4}.Release|x64.Build.0 = Release|x64
		{4375CADB-3031-4685-9AAF-93BDCCADCAA4}.Release|x86.ActiveCfg = Release|Win32
		{4375CADB-3031-4685-9AAF-93BDCCADCAA4}.Release|x86.Build.0 = Release|Win32
		{75CEDA92-3ED9-4CE8-9675-5240A38CA74E}.Debug|x64.ActiveCfg = Debug|x64
		{75CEDA92-3ED9-4CE8-9675-5240A38CA74E}.Debug|x64.Build.0 = Debug|x64
		{75CEDA92-3ED9-4CE8-9675-5240A38CA74E}.Debug|x86.ActiveCfg = Debug|Win32
		{75CEDA92-3ED9-4CE8-9675-5240A38CA74E}.Debug|x86.Build.0 = Debug|Win32
		{75CEDA92-3ED9-4CE8-9675-5240A38CA74E}.Release|x64.ActiveCfg = Release|x64
		{75CEDA92-3ED9-4CE8-9675-5240A38CA74E}.Release|x64.Build.0 = Release|x64
		{75CEDA92-3ED9-4CE8-9675-5240A38CA74E}.Release|x86.ActiveCfg = Release|Win32
		{75CEDA92-3ED9-4CE8-9675-5240A38CA74E}.Release|x86.Build.0 = Release|Win32
		{437517DB-3031-4685-9AAF-93BDCC17CAA4}.Debug|x64.ActiveCfg = Debug|x64
		{437517DB-3031-4685-9AAF-93BDCC17CAA4}.Debug|x64.Build.0 = Debug|x64
		{437517DB-3031-4685-9AAF-93BDCC17CAA4}.Debug|x86.ActiveCfg = Debug|Win32
		{437517DB-3031-4685-9AAF-93BDCC17CAA4}.Debug|x86.Build.0 = Debug|Win32
		{437517DB-3031-4685-9AAF-93BDCC17CAA4}.Release|x64.ActiveCfg = Release|x64
		{437517DB-3031-4685-9AAF-93BDCC17CAA4}.Release|x64.Build.0 = Release|x64
		{437517DB-3031-4685-9AAF-93BDCC17CAA4}.Release|x86.ActiveCfg = Release|Win32
		{437517DB-3031-4685-9AAF-93BDCC17CAA4}.Release|x86.Build.0 = Release|Win32
		{437538DB-3031-4685-9AAF-93BDCC38CAA4}.Debug|x64.ActiveCfg = Debug|x64
		{437538DB-3031-4685-9AAF-93BDCC38CAA4}.Debug|x64.Build.0 = Debug|x64
		{437538DB-3031-4685-9AAF-93BDCC38CAA4}.Debug|x86.ActiveCfg = Debug|Win32
		{437538DB-3031-4685-9AAF-93BDCC38CAA4}.Debug|x86.Build.0 = Debug|Win32
		{437538DB-3031-4685-9AAF-93BDCC38CAA4}.Release|x64.ActiveCfg = Release|x64
		{437538DB-3031-4685-9AAF-93BDCC38CAA4}.Release|x64.Build.0 = Release|x64
		{437538DB-3031-4685-9AAF-93BDCC38CAA4}.Release|x86.ActiveCfg = Release|Win32
		{437538DB-3031-4685-9AAF-93BDCC38CAA4}.Release|x86.Build.0 = Release|Win32
		{4376912B-3031-4685-937F-93159D693194}.Debug|x64.ActiveCfg = Debug|x64
		{4376912B-3031-4685-937F-93159D693194}.Debug|x64.Build.0 = Debug|x64
		{4376912B-3031-4685-937F-93159D693194}.Debug|x86.ActiveCfg = Debug|Win32
		{4376912B-3031-4685-937F-93159D693194}.Debug|x86.Build.0 = Debug|Win32
		{4376912B-3031-4685-937F-93159D693194}.Release|x64.ActiveCfg = Release|x64
		{4376912B-3031-4685-937F-93159D693194}.Release|x64.Build.0 = Release|x64
		{4376912B-3031-4685-937F-93159D693194}.Release|x86.ActiveCfg = Release|Win32
		{4376912B-3031-4685-937F-93159D693194}.Release|x86.Build.0 = Release|Win32
		{4377912B-3031-4685-937F-931597993194}.Debug|x64.ActiveCfg = Debug|x64
		{4377912B-3031-4685-937F-931597993194}.Debug|x64.Build.0 = Debug|x64
		{4377912B-3031-4685-937F-931597993194}.Debug|x86.ActiveCfg = Debug|Win32
		{4377912B-3031-4685-937F-931597993194}.Debug|x86.Build.0 = Debug|Win32
		{4377912B-3031-4685-937F-931597993194}.Release|x64.ActiveCfg = Release|x64
		{4377912B-3031-4685-937F-931597993194}.Release|x64.Build.0 = Release|x64
		{4377912B-3031-4685-937F-931597993194}.Release|x86.ActiveCfg = Release|Win32
		{4377912B-3031-4685-937F-931597993194}.Release|x86.Build.0 = Release|Win32
		{4375932B-3031-4685-937F-93159D393194}.Debug|x64.ActiveCfg = Debug|x64
		{4375932B-3031-4685-937F-93159D393194}.Debug|x64.Build.0 = Debug|x64
		{4375932B-3031-4685-937F-93159D393194}.Debug|x86.ActiveCfg = Debug|Win32
		{4375932B-3031-4685-937F-93159D393194}.Debug|x86.Build.0 = Debug|Win32
		{4375932B-3031-4685-937F-93159D393194}.Release|x64.ActiveCfg = Release|x64
		{4375932B-3031-4685-937F-93159D393194}.Release|x64.Build.0 = Release|x64
		{4375932B-3031-4685-937F-93159D393194}.Release|x86.ActiveCfg = Release|Win32
		{4375932B-3031-4685-937F-93159D393194}.Release|x86.Build.0 = Release|Win32
		{4382312B-3031-4685-937F-931582323194}.Debug|x64.ActiveCfg = Debug|x64
		{4382312B-3031-4685-937F-931582323194}.Debug|x64.Build.0 = Debug|x64
		{4382312B-3031-4685-937F-931582323194}.Debug|x86.ActiveCfg = Debug|Win32
		{4382312B-3031-4685-937F-931582323194}.Debug|x86.Build.0 = Debug|Win32
		{4382312B-3031-4685-937F-931582323194}.Release|x64.ActiveCfg = Release|x64
		{4382312B-3031-4685-937F-931582323194}.Release|x64.Build.0 = Release|x64
		{4382312B-3031-4685-937F-931582323194}.Release|x86.ActiveCfg = Release|Win32
		{4382312B-3031-4685-937F-931582323194}.Release|x86.Build.0 = Release|Win32
		{4387222B-3031-4685-937F-931722323194}.Debug|x64.ActiveCfg = Debug|x64
		{4387222B-3031-4685-937F-931722323194}.Debug|x64.Build.0 = Debug|x64
		{4387222B-3031-4685-937F-931722323194}.Debug|x86.ActiveCfg = Debug|Win32
		{4387222B-3031-4685-937F-931722323194}.Debug|x86.Build.0 = Debug|Win32
		{4387222B-3031-4685-937F-931722323194}.Release|x64.ActiveCfg = Release|x64
		{4387222B-3031-4685-937F-931722323194}.Release|x64.Build.0 = Release|x64
		{4387222B-3031-4685-937F-931722323194}.Release|x86.ActiveCfg = Release|Win32
		{4387222B-3031-4685-937F-931722323194}.Release|x86.Build.0 = Release|Win32
	EndGlobalSection
	GlobalSection(SolutionProperties) = preSolution
		HideSolutionNode = FALSE
	EndGlobalSection
	GlobalSection(ExtensibilityGlobals) = postSolution
		SolutionGuid = {B14EF36C-83E5-4CAF-B906-67C798DA3138}
	EndGlobalSection
EndGlobal
